
Microsoft Visual Studio Solution File, Format Version 12.00
# Visual Studio Version 17
VisualStudioVersion = 17.5.002.0
MinimumVisualStudioVersion = 10.0.40219.1
Project("{9A19103F-16F7-4668-BE54-9A1E7A4F7556}") = "Practical 15", "Practical 15.csproj", "{82494796-2B74-4C41-9FD9-DA253843A4BE}"
EndProject
Global
	GlobalSection(SolutionConfigurationPlatforms) = preSolution
		Debug|Any CPU = Debug|Any CPU
		Release|Any CPU = Release|Any CPU
	EndGlobalSection
	GlobalSection(ProjectConfigurationPlatforms) = postSolution
		{82494796-2B74-4C41-9FD9-DA253843A4BE}.Debug|Any CPU.ActiveCfg = Debug|Any CPU
		{82494796-2B74-4C41-9FD9-DA253843A4BE}.Debug|Any CPU.Build.0 = Debug|Any CPU
		{82494796-2B74-4C41-9FD9-DA253843A4BE}.Release|Any CPU.ActiveCfg = Release|Any CPU
		{82494796-2B74-4C41-9FD9-DA253843A4BE}.Release|Any CPU.Build.0 = Release|Any CPU
	EndGlobalSection
	GlobalSection(SolutionProperties) = preSolution
		HideSolutionNode = FALSE
	EndGlobalSection
	GlobalSection(ExtensibilityGlobals) = postSolution
		SolutionGuid = {F939B2C0-A92C-4DE1-A014-D2ACF0FB4ACB}
	EndGlobalSection
EndGlobal
