
Microsoft Visual Studio Solution File, Format Version 12.00
# Visual Studio Version 17
VisualStudioVersion = 17.5.002.0
MinimumVisualStudioVersion = 10.0.40219.1
Project("{9A19103F-16F7-4668-BE54-9A1E7A4F7556}") = "Implicit Validation", "Implicit Validation.csproj", "{378B03DD-5EFA-4F13-8981-DF515C1EED51}"
EndProject
Global
	GlobalSection(SolutionConfigurationPlatforms) = preSolution
		Debug|Any CPU = Debug|Any CPU
		Release|Any CPU = Release|Any CPU
	EndGlobalSection
	GlobalSection(ProjectConfigurationPlatforms) = postSolution
		{378B03DD-5EFA-4F13-8981-DF515C1EED51}.Debug|Any CPU.ActiveCfg = Debug|Any CPU
		{378B03DD-5EFA-4F13-8981-DF515C1EED51}.Debug|Any CPU.Build.0 = Debug|Any CPU
		{378B03DD-5EFA-4F13-8981-DF515C1EED51}.Release|Any CPU.ActiveCfg = Release|Any CPU
		{378B03DD-5EFA-4F13-8981-DF515C1EED51}.Release|Any CPU.Build.0 = Release|Any CPU
	EndGlobalSection
	GlobalSection(SolutionProperties) = preSolution
		HideSolutionNode = FALSE
	EndGlobalSection
	GlobalSection(ExtensibilityGlobals) = postSolution
		SolutionGuid = {09400C54-4AA1-4846-B788-4CA1B312987B}
	EndGlobalSection
EndGlobal
