
Microsoft Visual Studio Solution File, Format Version 12.00
# Visual Studio Version 17
VisualStudioVersion = 17.5.002.0
MinimumVisualStudioVersion = 10.0.40219.1
Project("{9A19103F-16F7-4668-BE54-9A1E7A4F7556}") = "Practical 13", "Practical 13.csproj", "{CAB61CAC-A495-4C1F-8E33-42630D12CF4F}"
EndProject
Global
	GlobalSection(SolutionConfigurationPlatforms) = preSolution
		Debug|Any CPU = Debug|Any CPU
		Release|Any CPU = Release|Any CPU
	EndGlobalSection
	GlobalSection(ProjectConfigurationPlatforms) = postSolution
		{CAB61CAC-A495-4C1F-8E33-42630D12CF4F}.Debug|Any CPU.ActiveCfg = Debug|Any CPU
		{CAB61CAC-A495-4C1F-8E33-42630D12CF4F}.Debug|Any CPU.Build.0 = Debug|Any CPU
		{CAB61CAC-A495-4C1F-8E33-42630D12CF4F}.Release|Any CPU.ActiveCfg = Release|Any CPU
		{CAB61CAC-A495-4C1F-8E33-42630D12CF4F}.Release|Any CPU.Build.0 = Release|Any CPU
	EndGlobalSection
	GlobalSection(SolutionProperties) = preSolution
		HideSolutionNode = FALSE
	EndGlobalSection
	GlobalSection(ExtensibilityGlobals) = postSolution
		SolutionGuid = {B7536F3D-6F2D-4320-921A-F292D533F86E}
	EndGlobalSection
EndGlobal
