
Microsoft Visual Studio Solution File, Format Version 12.00
# Visual Studio Version 17
VisualStudioVersion = 17.5.002.0
MinimumVisualStudioVersion = 10.0.40219.1
Project("{9A19103F-16F7-4668-BE54-9A1E7A4F7556}") = "Explicit Validation", "Explicit Validation.csproj", "{3E71A582-1CCE-47E7-9105-3B427D1F7764}"
EndProject
Global
	GlobalSection(SolutionConfigurationPlatforms) = preSolution
		Debug|Any CPU = Debug|Any CPU
		Release|Any CPU = Release|Any CPU
	EndGlobalSection
	GlobalSection(ProjectConfigurationPlatforms) = postSolution
		{3E71A582-1CCE-47E7-9105-3B427D1F7764}.Debug|Any CPU.ActiveCfg = Debug|Any CPU
		{3E71A582-1CCE-47E7-9105-3B427D1F7764}.Debug|Any CPU.Build.0 = Debug|Any CPU
		{3E71A582-1CCE-47E7-9105-3B427D1F7764}.Release|Any CPU.ActiveCfg = Release|Any CPU
		{3E71A582-1CCE-47E7-9105-3B427D1F7764}.Release|Any CPU.Build.0 = Release|Any CPU
	EndGlobalSection
	GlobalSection(SolutionProperties) = preSolution
		HideSolutionNode = FALSE
	EndGlobalSection
	GlobalSection(ExtensibilityGlobals) = postSolution
		SolutionGuid = {428ECFA4-B97D-4EA0-9CE7-8E0368B51F46}
	EndGlobalSection
EndGlobal
